
Microsoft Visual Studio Solution File, Format Version 12.00
# Visual Studio Version 17
VisualStudioVersion = 17.4.33122.133
MinimumVisualStudioVersion = 10.0.40219.1
Project("{FAE04EC0-301F-11D3-BF4B-00C04F79EFBC}") = "provimAPI", "provimAPI\provimAPI.csproj", "{302F3240-C551-467C-97A6-EBAC355BDFA9}"
EndProject
Global
	GlobalSection(SolutionConfigurationPlatforms) = preSolution
		Debug|Any CPU = Debug|Any CPU
		Release|Any CPU = Release|Any CPU
	EndGlobalSection
	GlobalSection(ProjectConfigurationPlatforms) = postSolution
		{302F3240-C551-467C-97A6-EBAC355BDFA9}.Debug|Any CPU.ActiveCfg = Debug|Any CPU
		{302F3240-C551-467C-97A6-EBAC355BDFA9}.Debug|Any CPU.Build.0 = Debug|Any CPU
		{302F3240-C551-467C-97A6-EBAC355BDFA9}.Release|Any CPU.ActiveCfg = Release|Any CPU
		{302F3240-C551-467C-97A6-EBAC355BDFA9}.Release|Any CPU.Build.0 = Release|Any CPU
	EndGlobalSection
	GlobalSection(SolutionProperties) = preSolution
		HideSolutionNode = FALSE
	EndGlobalSection
	GlobalSection(ExtensibilityGlobals) = postSolution
		SolutionGuid = {D1AF9D5E-CC21-4E43-9E91-9AB3620BE62A}
	EndGlobalSection
EndGlobal
